{
    "_readme": [
        "This file locks the dependencies of your project to a known state",
        "Read more about it at http://getcomposer.org/doc/01-basic-usage.md#composer-lock-the-lock-file"
    ],
    "hash": "c1e83c135dd30370b166c1bce0dc3acd",
    "packages": [
        {
            "name": "erebot/api",
            "version": "dev-master",
            "source": {
                "type": "git",
                "url": "https://github.com/Erebot/Erebot_API.git",
                "reference": "9835eed46286f0e047c07b18812c9867fb459730"
            },
            "dist": {
                "type": "zip",
                "url": "https://api.github.com/repos/Erebot/Erebot_API/zipball/9835eed46286f0e047c07b18812c9867fb459730",
                "reference": "9835eed46286f0e047c07b18812c9867fb459730",
                "shasum": ""
            },
            "require": {
                "php": ">=5.2.2"
            },
            "require-dev": {
                "erebot/buildenv": "dev-master"
            },
            "type": "library",
            "extra": {
                "branch-alias": {
                    "dev-master": "1.0.x-dev"
                }
            },
            "autoload": {
                "psr-0": {
                    "Erebot": "src/"
                }
            },
            "notification-url": "https://packagist.org/downloads/",
            "license": [
                "GPL-3.0+"
            ],
            "authors": [
                {
                    "name": "François Poirotte",
                    "email": "clicky@erebot.net",
                    "role": "lead"
                }
            ],
            "description": "API for the Erebot project",
            "homepage": "https://github.com/Erebot/Erebot_API",
            "keywords": [
                "Erebot",
                "bot",
                "irc"
            ],
            "time": "2013-10-20 20:44:46"
        },
        {
            "name": "erebot/generic-doc",
            "version": "dev-master",
            "source": {
                "type": "git",
                "url": "https://github.com/Erebot/Erebot_Module_Skeleton_Doc.git",
                "reference": "0d09560ac8a65f6522a65b5155a636ee1be76760"
            },
            "dist": {
                "type": "zip",
                "url": "https://api.github.com/repos/Erebot/Erebot_Module_Skeleton_Doc/zipball/0d09560ac8a65f6522a65b5155a636ee1be76760",
                "reference": "0d09560ac8a65f6522a65b5155a636ee1be76760",
                "shasum": ""
            },
            "require": {
                "erebot/installers": "dev-master"
            },
            "type": "erebot-generic-doc",
            "extra": {
                "branch-alias": {
                    "dev-master": "1.0.x-dev"
                }
            },
            "notification-url": "https://packagist.org/downloads/",
            "license": [
                "GPL-3.0+"
            ],
            "authors": [
                {
                    "name": "François Poirotte",
                    "email": "clicky@erebot.net",
                    "role": "lead"
                }
            ],
            "description": "Generic documentation for Erebot modules",
            "homepage": "https://github.com/Erebot/Erebot_Module_Skeleton",
            "keywords": [
                "Erebot",
                "bot",
                "doc",
                "documentation",
                "irc"
            ],
            "time": "2013-10-20 20:35:00"
        },
        {
            "name": "erebot/installers",
            "version": "dev-master",
            "source": {
                "type": "git",
                "url": "https://github.com/Erebot/Erebot_Installers.git",
                "reference": "11bd431167ca9a0dc24959faa748d99cf2d2a5ce"
            },
            "dist": {
                "type": "zip",
                "url": "https://api.github.com/repos/Erebot/Erebot_Installers/zipball/11bd431167ca9a0dc24959faa748d99cf2d2a5ce",
                "reference": "11bd431167ca9a0dc24959faa748d99cf2d2a5ce",
                "shasum": ""
            },
            "type": "composer-installer",
            "extra": {
                "branch-alias": {
                    "dev-master": "1.0.x-dev"
                },
                "class": "Erebot\\Composer\\GenericDocInstaller"
            },
            "autoload": {
                "psr-0": {
                    "Erebot\\Composer": "src/"
                }
            },
            "notification-url": "https://packagist.org/downloads/",
            "license": [
                "GPL-3.0+"
            ],
            "authors": [
                {
                    "name": "François Poirotte",
                    "email": "clicky@erebot.net",
                    "role": "lead"
                }
            ],
            "description": "Composer installers for Erebot",
            "homepage": "https://github.com/Erebot/Erebot_Installers",
            "keywords": [
                "Erebot",
                "bot",
                "installers",
                "irc"
            ],
            "time": "2013-10-20 20:39:40"
        },
        {
            "name": "erebot/triggerregistry-module",
            "version": "dev-master",
            "source": {
                "type": "git",
                "url": "https://github.com/Erebot/Erebot_Module_TriggerRegistry.git",
                "reference": "0886d34d781402910937202114aa0147eef6ecf8"
            },
            "dist": {
                "type": "zip",
                "url": "https://api.github.com/repos/Erebot/Erebot_Module_TriggerRegistry/zipball/0886d34d781402910937202114aa0147eef6ecf8",
                "reference": "0886d34d781402910937202114aa0147eef6ecf8",
                "shasum": ""
            },
            "require": {
                "erebot/api": "dev-master",
                "erebot/generic-doc": "dev-master",
                "erebot/installers": "dev-master",
                "php": ">=5.2.2"
            },
            "require-dev": {
                "erebot/buildenv": "dev-master",
                "erebot/testenv": "dev-master"
            },
            "type": "library",
            "extra": {
                "branch-alias": {
                    "dev-master": "1.0.x-dev"
                }
            },
            "autoload": {
                "psr-0": {
                    "Erebot": "src/"
                }
            },
            "notification-url": "https://packagist.org/downloads/",
            "license": [
                "GPL-3.0+"
            ],
            "authors": [
                {
                    "name": "François Poirotte",
                    "email": "clicky@erebot.net",
                    "role": "lead"
                }
            ],
            "description": "Erebot module that can be used to register triggers",
            "homepage": "https://github.com/Erebot/Erebot_Module_TriggerRegistry",
            "keywords": [
                "Erebot",
                "bot",
                "irc",
                "module"
            ],
            "time": "2013-10-20 21:09:37"
        }
    ],
    "packages-dev": [
        {
            "name": "erebot/buildenv",
            "version": "dev-master",
            "source": {
                "type": "git",
                "url": "https://github.com/Erebot/Erebot_Buildenv.git",
                "reference": "1080d2963ea0b0775b7af1adec0ff0c040dbadae"
            },
            "dist": {
                "type": "zip",
                "url": "https://api.github.com/repos/Erebot/Erebot_Buildenv/zipball/1080d2963ea0b0775b7af1adec0ff0c040dbadae",
                "reference": "1080d2963ea0b0775b7af1adec0ff0c040dbadae",
                "shasum": ""
            },
            "require": {
                "ext-phar": "*",
                "ext-xsl": "*",
                "phing/phing": ">=2.4.3",
                "php": ">=5.2.2"
            },
            "suggest": {
                "pdepend/pdepend": "Computes metrics on code quality",
                "phpmd/phpmd": "Detects overly complicated code patterns (mess detector)",
                "phpunit/phpunit": "Unit tests for PHP code",
                "sebastian/phpcpd": "Detects (ab)use of repeated code (copy-paste detector)",
                "squizlabs/php_codesniffer": "Detects violations of a set of predefined rules (>= 1.2.2 required)"
            },
            "type": "library",
            "extra": {
                "branch-alias": {
                    "dev-master": "1.0.x-dev"
                }
            },
            "notification-url": "https://packagist.org/downloads/",
            "license": [
                "GPL-3.0+"
            ],
            "authors": [
                {
                    "name": "François Poirotte",
                    "email": "clicky@erebot.net",
                    "role": "lead"
                }
            ],
            "description": "Build environment for the Erebot project",
            "homepage": "https://github.com/Erebot/Erebot_Buildenv",
            "keywords": [
                "Erebot"
            ],
            "time": "2013-10-20 20:42:49"
        },
        {
            "name": "erebot/testenv",
            "version": "dev-master",
            "source": {
                "type": "git",
                "url": "https://github.com/Erebot/Erebot_Testenv.git",
                "reference": "58dd796ab968a03e9fbcd233c893762c1473ce78"
            },
            "dist": {
                "type": "zip",
                "url": "https://api.github.com/repos/Erebot/Erebot_Testenv/zipball/58dd796ab968a03e9fbcd233c893762c1473ce78",
                "reference": "58dd796ab968a03e9fbcd233c893762c1473ce78",
                "shasum": ""
            },
            "require": {
                "php": ">=5.2.2"
            },
            "type": "library",
            "extra": {
                "branch-alias": {
                    "dev-master": "1.0.x-dev"
                }
            },
            "notification-url": "https://packagist.org/downloads/",
            "license": [
                "GPL-3.0+"
            ],
            "authors": [
                {
                    "name": "François Poirotte",
                    "email": "clicky@erebot.net",
                    "role": "lead"
                }
            ],
            "description": "Test environment for the Erebot project",
            "homepage": "https://github.com/Erebot/Erebot_Testenv",
            "keywords": [
                "Erebot"
            ],
            "time": "2013-10-20 20:40:53"
        },
        {
            "name": "pear/php_parsergenerator",
            "version": "dev-master",
            "source": {
                "type": "git",
                "url": "https://github.com/fpoirotte/PHP_ParserGenerator.git",
                "reference": "05c674477f1097705c54e3622ff5adffb6286f7d"
            },
            "dist": {
                "type": "tar",
                "url": "https://packages.erebot.net:943/composer/pear-php_parsergenerator-05c674477f1097705c54e3622ff5adffb6286f7d-zip-f18864.tar",
                "reference": "dev-master",
                "shasum": "f62e244fa20af8a6c31c47fe7b52365595f8987f"
            },
            "bin": [
                "phplemon"
            ],
            "type": "library",
            "extra": {
                "branch-alias": {
                    "dev-master": "0.1.x-dev"
                }
            },
            "autoload": {
                "psr-0": {
                    "PHP": ""
                }
            },
            "license": [
                "BSD-3-Clause"
            ],
            "authors": [
                {
                    "name": "Greg Beaver",
                    "email": "cellog@php.net",
                    "role": "lead"
                }
            ],
            "description": "Translate grammar files in Lemon Parser Generator format into a PHP 5 parser",
            "homepage": "https://github.com/pear/PHP_ParserGenerator",
            "keywords": [
                "lemon",
                "lempar",
                "parser"
            ],
            "support": {
                "email": "cellog@php.net",
                "source": "https://github.com/pear/PHP_ParserGenerator"
            },
            "time": "2013-07-16 09:46:01"
        },
        {
            "name": "phing/phing",
            "version": "2.6.1",
            "source": {
                "type": "git",
                "url": "https://github.com/phingofficial/phing.git",
                "reference": "3f7d71bf561bafea39087250f777b349438cc32e"
            },
            "dist": {
                "type": "zip",
                "url": "https://api.github.com/repos/phingofficial/phing/zipball/3f7d71bf561bafea39087250f777b349438cc32e",
                "reference": "3f7d71bf561bafea39087250f777b349438cc32e",
                "shasum": ""
            },
            "require": {
                "php": ">=5.2.0"
            },
            "bin": [
                "bin/phing"
            ],
            "type": "library",
            "autoload": {
                "classmap": [
                    "classes/phing/"
                ]
            },
            "notification-url": "https://packagist.org/downloads/",
            "include-path": [
                "classes"
            ],
            "license": [
                "LGPL3"
            ],
            "authors": [
                {
                    "name": "Michiel Rook",
                    "email": "mrook@php.net"
                },
                {
                    "name": "Phing Community",
                    "homepage": "http://www.phing.info/trac/wiki/Development/Contributors"
                }
            ],
            "description": "PHing Is Not GNU make; it's a PHP project build system or build tool based on Apache Ant.",
            "homepage": "http://www.phing.info/",
            "keywords": [
                "build",
                "task",
                "tool"
            ],
            "time": "2013-08-26 21:13:03"
        }
    ],
    "aliases": [

    ],
    "minimum-stability": "stable",
    "stability-flags": {
        "erebot/triggerregistry-module": 20,
        "erebot/api": 20,
        "erebot/installers": 20,
        "erebot/generic-doc": 20,
        "erebot/buildenv": 20,
        "erebot/testenv": 20,
        "pear/php_parsergenerator": 20
    },
    "platform": {
        "php": ">=5.2.2"
    },
    "platform-dev": [

    ]
}
