{
    "_readme": [
        "This file locks the dependencies of your project to a known state",
        "Read more about it at http://getcomposer.org/doc/01-basic-usage.md#composer-lock-the-lock-file"
    ],
    "hash": "594ec4daae2d178f5732edd94bfa69b0",
    "packages": [
        {
            "name": "erebot/api",
            "version": "dev-master",
            "source": {
                "type": "git",
                "url": "https://github.com/Erebot/Erebot_API.git",
                "reference": "8b5053181addb13e6de26974b2fb065ca7e80ad9"
            },
            "dist": {
                "type": "tar",
                "url": "https://packages.erebot.net:943/composer/erebot-api-8b5053181addb13e6de26974b2fb065ca7e80ad9-zip-5daf3b.tar",
                "reference": "dev-master",
                "shasum": "1280a153539f38c49a4767662594010017fc0db7"
            },
            "require": {
                "php": ">=5.2.2"
            },
            "require-dev": {
                "erebot/buildenv": "dev-master"
            },
            "type": "library",
            "extra": {
                "branch-alias": {
                    "dev-master": "1.0.x-dev"
                }
            },
            "autoload": {
                "psr-0": {
                    "Erebot": "src/"
                }
            },
            "license": [
                "GPL-3.0+"
            ],
            "authors": [
                {
                    "name": "François Poirotte",
                    "email": "clicky@erebot.net",
                    "role": "lead"
                }
            ],
            "description": "API for the Erebot project",
            "homepage": "https://github.com/Erebot/Erebot_API",
            "keywords": [
                "Erebot",
                "IRC",
                "bot"
            ],
            "support": {
                "email": "erebot@erebot.net",
                "issues": "https://github.com/Erebot/Erebot_API/issues",
                "wiki": "http://erebot.github.com/Erebot/",
                "irc": "irc://irc.iiens.net/Erebot",
                "source": "https://github.com/Erebot/Erebot_API"
            },
            "time": "2013-08-05 20:12:46"
        },
        {
            "name": "erebot/generic-doc",
            "version": "dev-master",
            "source": {
                "type": "git",
                "url": "https://github.com/Erebot/Erebot_Module_Skeleton_Doc.git",
                "reference": "4420ea26cd7782decf71927282a8db2219016f48"
            },
            "dist": {
                "type": "tar",
                "url": "https://packages.erebot.net:943/composer/erebot-generic-doc-4420ea26cd7782decf71927282a8db2219016f48-zip-ca4fc4.tar",
                "reference": "dev-master",
                "shasum": "042a600ff95c274a8c187a1ef4c3d313f4d9c82a"
            },
            "require": {
                "erebot/installers": "dev-master"
            },
            "type": "erebot-generic-doc",
            "extra": {
                "branch-alias": {
                    "dev-master": "1.0.x-dev"
                }
            },
            "license": [
                "GPL-3.0+"
            ],
            "authors": [
                {
                    "name": "François Poirotte",
                    "email": "clicky@erebot.net",
                    "role": "lead"
                }
            ],
            "description": "Generic documentation for Erebot modules",
            "homepage": "https://github.com/Erebot/Erebot_Module_Skeleton",
            "keywords": [
                "Erebot",
                "IRC",
                "bot",
                "doc",
                "documentation"
            ],
            "support": {
                "email": "erebot@erebot.net",
                "issues": "https://github.com/Erebot/Erebot_Module_Skeleton/issues",
                "wiki": "http://erebot.github.io/Erebot_Module_Skeleton/",
                "irc": "irc://irc.iiens.net/Erebot",
                "source": "https://github.com/Erebot/Erebot_Module_Skeleton"
            },
            "time": "2013-07-13 20:12:07"
        },
        {
            "name": "erebot/installers",
            "version": "dev-master",
            "source": {
                "type": "git",
                "url": "https://github.com/Erebot/Erebot_Installers.git",
                "reference": "b20c804c270bc6cb51923a6f81cc1ad3b6b09272"
            },
            "dist": {
                "type": "tar",
                "url": "https://packages.erebot.net:943/composer/erebot-installers-b20c804c270bc6cb51923a6f81cc1ad3b6b09272-zip-2d1a72.tar",
                "reference": "dev-master",
                "shasum": "dcf901c8a8ffd3619092c2c5a15de51cf7fb4fbc"
            },
            "type": "composer-installer",
            "extra": {
                "branch-alias": {
                    "dev-master": "1.0.x-dev"
                },
                "class": "Erebot\\Composer\\GenericDocInstaller"
            },
            "autoload": {
                "psr-0": {
                    "Erebot\\Composer": "src/"
                }
            },
            "license": [
                "GPL-3.0+"
            ],
            "authors": [
                {
                    "name": "François Poirotte",
                    "email": "clicky@erebot.net",
                    "role": "lead"
                }
            ],
            "description": "Composer installers for Erebot",
            "homepage": "https://github.com/Erebot/Erebot_Installers",
            "keywords": [
                "Erebot",
                "IRC",
                "bot",
                "installers"
            ],
            "support": {
                "email": "erebot@erebot.net",
                "issues": "https://github.com/Erebot/Erebot_Installers/issues",
                "irc": "irc://irc.iiens.net/Erebot",
                "source": "https://github.com/Erebot/Erebot_Installers"
            },
            "time": "2013-06-27 21:08:41"
        },
        {
            "name": "erebot/triggerregistry-module",
            "version": "dev-master",
            "source": {
                "type": "git",
                "url": "https://github.com/Erebot/Erebot_Module_TriggerRegistry.git",
                "reference": "99896d71a267a5bfd42a357364c3e7c4954f942d"
            },
            "dist": {
                "type": "tar",
                "url": "https://packages.erebot.net:943/composer/erebot-triggerregistry-module-99896d71a267a5bfd42a357364c3e7c4954f942d-zip-04b7e3.tar",
                "reference": "dev-master",
                "shasum": "484269ea648263e58f43d4384bfc9686324e9c98"
            },
            "require": {
                "erebot/api": "dev-master",
                "erebot/generic-doc": "dev-master",
                "erebot/installers": "dev-master",
                "php": ">=5.2.2"
            },
            "require-dev": {
                "erebot/buildenv": "dev-master",
                "erebot/testenv": "dev-master"
            },
            "type": "library",
            "extra": {
                "branch-alias": {
                    "dev-master": "1.0.x-dev"
                }
            },
            "autoload": {
                "psr-0": {
                    "Erebot": "src/"
                }
            },
            "license": [
                "GPL-3.0+"
            ],
            "authors": [
                {
                    "name": "François Poirotte",
                    "email": "clicky@erebot.net",
                    "role": "lead"
                }
            ],
            "description": "Erebot module that can be used to register triggers",
            "homepage": "https://github.com/Erebot/Erebot_Module_TriggerRegistry",
            "keywords": [
                "Erebot",
                "IRC",
                "bot",
                "module"
            ],
            "support": {
                "email": "erebot@erebot.net",
                "issues": "https://github.com/Erebot/Erebot_Module_TriggerRegistry/issues",
                "wiki": "http://erebot.github.com/Erebot_Module_TriggerRegistry/",
                "irc": "irc://irc.iiens.net/Erebot",
                "source": "https://github.com/Erebot/Erebot_Module_TriggerRegistry"
            },
            "time": "2013-08-04 08:39:31"
        }
    ],
    "packages-dev": [
        {
            "name": "erebot/buildenv",
            "version": "dev-master",
            "source": {
                "type": "git",
                "url": "https://github.com/Erebot/Erebot_Buildenv.git",
                "reference": "8c394eb1f6e5fb7840e00b8f4bd91063fd7ef5ea"
            },
            "dist": {
                "type": "tar",
                "url": "https://packages.erebot.net:943/composer/erebot-buildenv-8c394eb1f6e5fb7840e00b8f4bd91063fd7ef5ea-zip-083900.tar",
                "reference": "dev-master",
                "shasum": "0f240c2544ce890c51dfbeccf0c654e4c2d7999e"
            },
            "require": {
                "ext-phar": "*",
                "ext-xsl": "*",
                "phing/phing": ">=2.4.3",
                "php": ">=5.2.2"
            },
            "suggest": {
                "pdepend/pdepend": "Computes metrics on code quality",
                "phpmd/phpmd": "Detects overly complicated code patterns (mess detector)",
                "phpunit/phpunit": "Unit tests for PHP code",
                "sebastian/phpcpd": "Detects (ab)use of repeated code (copy-paste detector)",
                "squizlabs/php_codesniffer": "Detects violations of a set of predefined rules (>= 1.2.2 required)"
            },
            "type": "library",
            "extra": {
                "branch-alias": {
                    "dev-master": "1.0.x-dev"
                }
            },
            "license": [
                "GPL-3.0+"
            ],
            "authors": [
                {
                    "name": "François Poirotte",
                    "email": "clicky@erebot.net",
                    "role": "lead"
                }
            ],
            "description": "Build environment for the Erebot project",
            "homepage": "https://github.com/Erebot/Erebot_Buildenv",
            "keywords": [
                "Erebot"
            ],
            "support": {
                "email": "erebot@erebot.net",
                "issues": "https://github.com/Erebot/Erebot_Buildenv/issues",
                "wiki": "http://erebot.github.com/Erebot/",
                "irc": "irc://irc.iiens.net/Erebot",
                "source": "https://github.com/Erebot/Erebot_Buildenv"
            },
            "time": "2013-08-15 12:34:34"
        },
        {
            "name": "erebot/testenv",
            "version": "dev-master",
            "source": {
                "type": "git",
                "url": "https://github.com/Erebot/Erebot_Testenv.git",
                "reference": "8764206ae7649f72cf6e8963a0a1a587125b5a4e"
            },
            "dist": {
                "type": "tar",
                "url": "https://packages.erebot.net:943/composer/erebot-testenv-8764206ae7649f72cf6e8963a0a1a587125b5a4e-zip-ead546.tar",
                "reference": "dev-master",
                "shasum": "032e06868f8c0fb1df826130fc7f4e543f2730fc"
            },
            "require": {
                "php": ">=5.2.2"
            },
            "type": "library",
            "extra": {
                "branch-alias": {
                    "dev-master": "1.0.x-dev"
                }
            },
            "license": [
                "GPL-3.0+"
            ],
            "authors": [
                {
                    "name": "François Poirotte",
                    "email": "clicky@erebot.net",
                    "role": "lead"
                }
            ],
            "description": "Test environment for the Erebot project",
            "homepage": "https://github.com/Erebot/Erebot_Testenv",
            "keywords": [
                "Erebot"
            ],
            "support": {
                "email": "erebot@erebot.net",
                "issues": "https://github.com/Erebot/Erebot_Testenv/issues",
                "wiki": "http://erebot.github.com/Erebot/",
                "irc": "irc://irc.iiens.net/Erebot",
                "source": "https://github.com/Erebot/Erebot_Testenv"
            },
            "time": "2013-06-24 21:23:45"
        },
        {
            "name": "pear/php_parsergenerator",
            "version": "dev-master",
            "source": {
                "type": "git",
                "url": "https://github.com/fpoirotte/PHP_ParserGenerator.git",
                "reference": "05c674477f1097705c54e3622ff5adffb6286f7d"
            },
            "dist": {
                "type": "tar",
                "url": "https://packages.erebot.net:943/composer/pear-php_parsergenerator-05c674477f1097705c54e3622ff5adffb6286f7d-zip-f18864.tar",
                "reference": "dev-master",
                "shasum": "f62e244fa20af8a6c31c47fe7b52365595f8987f"
            },
            "bin": [
                "phplemon"
            ],
            "type": "library",
            "extra": {
                "branch-alias": {
                    "dev-master": "0.1.x-dev"
                }
            },
            "autoload": {
                "psr-0": {
                    "PHP": ""
                }
            },
            "license": [
                "BSD-3-Clause"
            ],
            "authors": [
                {
                    "name": "Greg Beaver",
                    "email": "cellog@php.net",
                    "role": "lead"
                }
            ],
            "description": "Translate grammar files in Lemon Parser Generator format into a PHP 5 parser",
            "homepage": "https://github.com/pear/PHP_ParserGenerator",
            "keywords": [
                "lemon",
                "lempar",
                "parser"
            ],
            "support": {
                "email": "cellog@php.net",
                "source": "https://github.com/pear/PHP_ParserGenerator"
            },
            "time": "2013-07-16 09:46:01"
        },
        {
            "name": "phing/phing",
            "version": "2.5.0",
            "source": {
                "type": "git",
                "url": "https://github.com/phingofficial/phing.git",
                "reference": "2.5.0"
            },
            "dist": {
                "type": "zip",
                "url": "https://api.github.com/repos/phingofficial/phing/zipball/2.5.0",
                "reference": "2.5.0",
                "shasum": ""
            },
            "require": {
                "php": ">=5.2.0"
            },
            "bin": [
                "bin/phing"
            ],
            "type": "library",
            "autoload": {
                "classmap": [
                    "classes/phing/"
                ]
            },
            "notification-url": "https://packagist.org/downloads/",
            "include-path": [
                "classes"
            ],
            "license": [
                "LGPL3"
            ],
            "authors": [
                {
                    "name": "Michiel Rook",
                    "email": "mrook@php.net"
                },
                {
                    "name": "Phing Community",
                    "homepage": "http://www.phing.info/trac/wiki/Development/Contributors"
                }
            ],
            "description": "PHing Is Not GNU make; it's a PHP project build system or build tool based on Apache Ant.",
            "homepage": "http://www.phing.info/",
            "keywords": [
                "build",
                "task",
                "tool"
            ],
            "time": "2013-02-16 14:23:57"
        }
    ],
    "aliases": [

    ],
    "minimum-stability": "stable",
    "stability-flags": {
        "erebot/triggerregistry-module": 20,
        "erebot/api": 20,
        "erebot/installers": 20,
        "erebot/generic-doc": 20,
        "erebot/buildenv": 20,
        "erebot/testenv": 20,
        "pear/php_parsergenerator": 20
    },
    "platform": {
        "php": ">=5.2.2"
    },
    "platform-dev": [

    ]
}
